
Microsoft Visual Studio Solution File, Format Version 12.00
# Visual Studio Version 17
VisualStudioVersion = 17.6.33717.318
MinimumVisualStudioVersion = 10.0.40219.1
Project("{9A19103F-16F7-4668-BE54-9A1E7A4F7556}") = "FirstWebApp", "FirstWebApp\FirstWebApp.csproj", "{24A68C6E-7503-4A67-8AA8-B90078081DCB}"
EndProject
Project("{9A19103F-16F7-4668-BE54-9A1E7A4F7556}") = "ASPMVC_App", "..\ConsoleAppSE1715\ASPMVC_App\ASPMVC_App.csproj", "{6E2FA3F4-9BC3-485C-8F9E-D73137A9495A}"
EndProject
Global
	GlobalSection(SolutionConfigurationPlatforms) = preSolution
		Debug|Any CPU = Debug|Any CPU
		Release|Any CPU = Release|Any CPU
	EndGlobalSection
	GlobalSection(ProjectConfigurationPlatforms) = postSolution
		{24A68C6E-7503-4A67-8AA8-B90078081DCB}.Debug|Any CPU.ActiveCfg = Debug|Any CPU
		{24A68C6E-7503-4A67-8AA8-B90078081DCB}.Debug|Any CPU.Build.0 = Debug|Any CPU
		{24A68C6E-7503-4A67-8AA8-B90078081DCB}.Release|Any CPU.ActiveCfg = Release|Any CPU
		{24A68C6E-7503-4A67-8AA8-B90078081DCB}.Release|Any CPU.Build.0 = Release|Any CPU
		{6E2FA3F4-9BC3-485C-8F9E-D73137A9495A}.Debug|Any CPU.ActiveCfg = Debug|Any CPU
		{6E2FA3F4-9BC3-485C-8F9E-D73137A9495A}.Debug|Any CPU.Build.0 = Debug|Any CPU
		{6E2FA3F4-9BC3-485C-8F9E-D73137A9495A}.Release|Any CPU.ActiveCfg = Release|Any CPU
		{6E2FA3F4-9BC3-485C-8F9E-D73137A9495A}.Release|Any CPU.Build.0 = Release|Any CPU
	EndGlobalSection
	GlobalSection(SolutionProperties) = preSolution
		HideSolutionNode = FALSE
	EndGlobalSection
	GlobalSection(ExtensibilityGlobals) = postSolution
		SolutionGuid = {06ECEA61-783A-490E-80B5-6C062E82E271}
	EndGlobalSection
EndGlobal
